
Microsoft Visual Studio Solution File, Format Version 12.00
# Visual Studio Version 16
VisualStudioVersion = 16.0.30907.101
MinimumVisualStudioVersion = 10.0.40219.1
Project("{FAE04EC0-301F-11D3-BF4B-00C04F79EFBC}") = "Global.Automation.API", "Global.Automation.API\Global.Automation.API.csproj", "{5075FE0F-C139-4B32-BBE8-FBD5EF3516E3}"
EndProject
Global
	GlobalSection(SolutionConfigurationPlatforms) = preSolution
		Debug|Any CPU = Debug|Any CPU
		Release|Any CPU = Release|Any CPU
	EndGlobalSection
	GlobalSection(ProjectConfigurationPlatforms) = postSolution
		{5075FE0F-C139-4B32-BBE8-FBD5EF3516E3}.Debug|Any CPU.ActiveCfg = Debug|Any CPU
		{5075FE0F-C139-4B32-BBE8-FBD5EF3516E3}.Debug|Any CPU.Build.0 = Debug|Any CPU
		{5075FE0F-C139-4B32-BBE8-FBD5EF3516E3}.Release|Any CPU.ActiveCfg = Release|Any CPU
		{5075FE0F-C139-4B32-BBE8-FBD5EF3516E3}.Release|Any CPU.Build.0 = Release|Any CPU
	EndGlobalSection
	GlobalSection(SolutionProperties) = preSolution
		HideSolutionNode = FALSE
	EndGlobalSection
	GlobalSection(ExtensibilityGlobals) = postSolution
		SolutionGuid = {FEA8AB62-EE18-4DF6-9A2D-74EA11987CC5}
	EndGlobalSection
EndGlobal
